// !$*UTF8*$!
{
	archiveVersion = 1;
	classes = {
	};
	objectVersion = 56;
	objects = {

/* Begin PBXBuildFile section */
		D53831C92C92295C009FAE54 /* ContentView.swift in Sources */ = {isa = PBXBuildFile; fileRef = D53831C82C92295C009FAE54 /* ContentView.swift */; };
		D53831CB2C92295D009FAE54 /* Assets.xcassets in Resources */ = {isa = PBXBuildFile; fileRef = D53831CA2C92295D009FAE54 /* Assets.xcassets */; };
		D53831CE2C92295D009FAE54 /* Preview Assets.xcassets in Resources */ = {isa = PBXBuildFile; fileRef = D53831CD2C92295D009FAE54 /* Preview Assets.xcassets */; };
		D53831D82C92295D009FAE54 /* Initial_Xcode_Setup_and_View_DesignTests.swift in Sources */ = {isa = PBXBuildFile; fileRef = D53831D72C92295D009FAE54 /* Initial_Xcode_Setup_and_View_DesignTests.swift */; };
		D53831E22C92295D009FAE54 /* Initial_Xcode_Setup_and_View_DesignUITests.swift in Sources */ = {isa = PBXBuildFile; fileRef = D53831E12C92295D009FAE54 /* Initial_Xcode_Setup_and_View_DesignUITests.swift */; };
		D53831E42C92295D009FAE54 /* Initial_Xcode_Setup_and_View_DesignUITestsLaunchTests.swift in Sources */ = {isa = PBXBuildFile; fileRef = D53831E32C92295D009FAE54 /* Initial_Xcode_Setup_and_View_DesignUITestsLaunchTests.swift */; };
		D53831F62C924AAC009FAE54 /* MenuView.swift in Sources */ = {isa = PBXBuildFile; fileRef = D53831F52C924AAC009FAE54 /* MenuView.swift */; };
		D5EF02482C94BE520082DFD9 /* Cookies.swift in Sources */ = {isa = PBXBuildFile; fileRef = D5EF02472C94BE520082DFD9 /* Cookies.swift */; };
/* End PBXBuildFile section */

/* Begin PBXContainerItemProxy section */
		D53831D42C92295D009FAE54 /* PBXContainerItemProxy */ = {
			isa = PBXContainerItemProxy;
			containerPortal = D53831BB2C92295C009FAE54 /* Project object */;
			proxyType = 1;
			remoteGlobalIDString = D53831C22C92295C009FAE54;
			remoteInfo = "Initial Xcode Setup and View Design";
		};
		D53831DE2C92295D009FAE54 /* PBXContainerItemProxy */ = {
			isa = PBXContainerItemProxy;
			containerPortal = D53831BB2C92295C009FAE54 /* Project object */;
			proxyType = 1;
			remoteGlobalIDString = D53831C22C92295C009FAE54;
			remoteInfo = "Initial Xcode Setup and View Design";
		};
/* End PBXContainerItemProxy section */

/* Begin PBXFileReference section */
		D53831C32C92295C009FAE54 /* Initial Xcode Setup and View Design.app */ = {isa = PBXFileReference; explicitFileType = wrapper.application; includeInIndex = 0; path = "Initial Xcode Setup and View Design.app"; sourceTree = BUILT_PRODUCTS_DIR; };
		D53831C82C92295C009FAE54 /* ContentView.swift */ = {isa = PBXFileReference; lastKnownFileType = sourcecode.swift; path = ContentView.swift; sourceTree = "<group>"; };
		D53831CA2C92295D009FAE54 /* Assets.xcassets */ = {isa = PBXFileReference; lastKnownFileType = folder.assetcatalog; path = Assets.xcassets; sourceTree = "<group>"; };
		D53831CD2C92295D009FAE54 /* Preview Assets.xcassets */ = {isa = PBXFileReference; lastKnownFileType = folder.assetcatalog; path = "Preview Assets.xcassets"; sourceTree = "<group>"; };
		D53831D32C92295D009FAE54 /* Initial Xcode Setup and View DesignTests.xctest */ = {isa = PBXFileReference; explicitFileType = wrapper.cfbundle; includeInIndex = 0; path = "Initial Xcode Setup and View DesignTests.xctest"; sourceTree = BUILT_PRODUCTS_DIR; };
		D53831D72C92295D009FAE54 /* Initial_Xcode_Setup_and_View_DesignTests.swift */ = {isa = PBXFileReference; lastKnownFileType = sourcecode.swift; path = Initial_Xcode_Setup_and_View_DesignTests.swift; sourceTree = "<group>"; };
		D53831DD2C92295D009FAE54 /* Initial Xcode Setup and View DesignUITests.xctest */ = {isa = PBXFileReference; explicitFileType = wrapper.cfbundle; includeInIndex = 0; path = "Initial Xcode Setup and View DesignUITests.xctest"; sourceTree = BUILT_PRODUCTS_DIR; };
		D53831E12C92295D009FAE54 /* Initial_Xcode_Setup_and_View_DesignUITests.swift */ = {isa = PBXFileReference; lastKnownFileType = sourcecode.swift; path = Initial_Xcode_Setup_and_View_DesignUITests.swift; sourceTree = "<group>"; };
		D53831E32C92295D009FAE54 /* Initial_Xcode_Setup_and_View_DesignUITestsLaunchTests.swift */ = {isa = PBXFileReference; lastKnownFileType = sourcecode.swift; path = Initial_Xcode_Setup_and_View_DesignUITestsLaunchTests.swift; sourceTree = "<group>"; };
		D53831F52C924AAC009FAE54 /* MenuView.swift */ = {isa = PBXFileReference; lastKnownFileType = sourcecode.swift; path = MenuView.swift; sourceTree = "<group>"; };
		D5EF02472C94BE520082DFD9 /* Cookies.swift */ = {isa = PBXFileReference; lastKnownFileType = sourcecode.swift; path = Cookies.swift; sourceTree = "<group>"; };
/* End PBXFileReference section */

/* Begin PBXFrameworksBuildPhase section */
		D53831C02C92295C009FAE54 /* Frameworks */ = {
			isa = PBXFrameworksBuildPhase;
			buildActionMask = 2147483647;
			files = (
			);
			runOnlyForDeploymentPostprocessing = 0;
		};
		D53831D02C92295D009FAE54 /* Frameworks */ = {
			isa = PBXFrameworksBuildPhase;
			buildActionMask = 2147483647;
			files = (
			);
			runOnlyForDeploymentPostprocessing = 0;
		};
		D53831DA2C92295D009FAE54 /* Frameworks */ = {
			isa = PBXFrameworksBuildPhase;
			buildActionMask = 2147483647;
			files = (
			);
			runOnlyForDeploymentPostprocessing = 0;
		};
/* End PBXFrameworksBuildPhase section */

/* Begin PBXGroup section */
		D53831BA2C92295C009FAE54 = {
			isa = PBXGroup;
			children = (
				D53831C52C92295C009FAE54 /* Initial Xcode Setup and View Design */,
				D53831D62C92295D009FAE54 /* Initial Xcode Setup and View DesignTests */,
				D53831E02C92295D009FAE54 /* Initial Xcode Setup and View DesignUITests */,
				D53831C42C92295C009FAE54 /* Products */,
			);
			sourceTree = "<group>";
		};
		D53831C42C92295C009FAE54 /* Products */ = {
			isa = PBXGroup;
			children = (
				D53831C32C92295C009FAE54 /* Initial Xcode Setup and View Design.app */,
				D53831D32C92295D009FAE54 /* Initial Xcode Setup and View DesignTests.xctest */,
				D53831DD2C92295D009FAE54 /* Initial Xcode Setup and View DesignUITests.xctest */,
			);
			name = Products;
			sourceTree = "<group>";
		};
		D53831C52C92295C009FAE54 /* Initial Xcode Setup and View Design */ = {
			isa = PBXGroup;
			children = (
				D5EF02472C94BE520082DFD9 /* Cookies.swift */,
				D53831F42C9248B9009FAE54 /* ViewModels */,
				D53831F32C9248B2009FAE54 /* Models */,
				D53831F22C92482A009FAE54 /* Views */,
				D53831CA2C92295D009FAE54 /* Assets.xcassets */,
				D53831CC2C92295D009FAE54 /* Preview Content */,
			);
			path = "Initial Xcode Setup and View Design";
			sourceTree = "<group>";
		};
		D53831CC2C92295D009FAE54 /* Preview Content */ = {
			isa = PBXGroup;
			children = (
				D53831CD2C92295D009FAE54 /* Preview Assets.xcassets */,
			);
			path = "Preview Content";
			sourceTree = "<group>";
		};
		D53831D62C92295D009FAE54 /* Initial Xcode Setup and View DesignTests */ = {
			isa = PBXGroup;
			children = (
				D53831D72C92295D009FAE54 /* Initial_Xcode_Setup_and_View_DesignTests.swift */,
			);
			path = "Initial Xcode Setup and View DesignTests";
			sourceTree = "<group>";
		};
		D53831E02C92295D009FAE54 /* Initial Xcode Setup and View DesignUITests */ = {
			isa = PBXGroup;
			children = (
				D53831E12C92295D009FAE54 /* Initial_Xcode_Setup_and_View_DesignUITests.swift */,
				D53831E32C92295D009FAE54 /* Initial_Xcode_Setup_and_View_DesignUITestsLaunchTests.swift */,
			);
			path = "Initial Xcode Setup and View DesignUITests";
			sourceTree = "<group>";
		};
		D53831F22C92482A009FAE54 /* Views */ = {
			isa = PBXGroup;
			children = (
				D53831C82C92295C009FAE54 /* ContentView.swift */,
				D53831F52C924AAC009FAE54 /* MenuView.swift */,
			);
			path = Views;
			sourceTree = "<group>";
		};
		D53831F32C9248B2009FAE54 /* Models */ = {
			isa = PBXGroup;
			children = (
			);
			path = Models;
			sourceTree = "<group>";
		};
		D53831F42C9248B9009FAE54 /* ViewModels */ = {
			isa = PBXGroup;
			children = (
			);
			path = ViewModels;
			sourceTree = "<group>";
		};
/* End PBXGroup section */

/* Begin PBXNativeTarget section */
		D53831C22C92295C009FAE54 /* Initial Xcode Setup and View Design */ = {
			isa = PBXNativeTarget;
			buildConfigurationList = D53831E72C92295D009FAE54 /* Build configuration list for PBXNativeTarget "Initial Xcode Setup and View Design" */;
			buildPhases = (
				D53831BF2C92295C009FAE54 /* Sources */,
				D53831C02C92295C009FAE54 /* Frameworks */,
				D53831C12C92295C009FAE54 /* Resources */,
			);
			buildRules = (
			);
			dependencies = (
			);
			name = "Initial Xcode Setup and View Design";
			productName = "Initial Xcode Setup and View Design";
			productReference = D53831C32C92295C009FAE54 /* Initial Xcode Setup and View Design.app */;
			productType = "com.apple.product-type.application";
		};
		D53831D22C92295D009FAE54 /* Initial Xcode Setup and View DesignTests */ = {
			isa = PBXNativeTarget;
			buildConfigurationList = D53831EA2C92295D009FAE54 /* Build configuration list for PBXNativeTarget "Initial Xcode Setup and View DesignTests" */;
			buildPhases = (
				D53831CF2C92295D009FAE54 /* Sources */,
				D53831D02C92295D009FAE54 /* Frameworks */,
				D53831D12C92295D009FAE54 /* Resources */,
			);
			buildRules = (
			);
			dependencies = (
				D53831D52C92295D009FAE54 /* PBXTargetDependency */,
			);
			name = "Initial Xcode Setup and View DesignTests";
			productName = "Initial Xcode Setup and View DesignTests";
			productReference = D53831D32C92295D009FAE54 /* Initial Xcode Setup and View DesignTests.xctest */;
			productType = "com.apple.product-type.bundle.unit-test";
		};
		D53831DC2C92295D009FAE54 /* Initial Xcode Setup and View DesignUITests */ = {
			isa = PBXNativeTarget;
			buildConfigurationList = D53831ED2C92295D009FAE54 /* Build configuration list for PBXNativeTarget "Initial Xcode Setup and View DesignUITests" */;
			buildPhases = (
				D53831D92C92295D009FAE54 /* Sources */,
				D53831DA2C92295D009FAE54 /* Frameworks */,
				D53831DB2C92295D009FAE54 /* Resources */,
			);
			buildRules = (
			);
			dependencies = (
				D53831DF2C92295D009FAE54 /* PBXTargetDependency */,
			);
			name = "Initial Xcode Setup and View DesignUITests";
			productName = "Initial Xcode Setup and View DesignUITests";
			productReference = D53831DD2C92295D009FAE54 /* Initial Xcode Setup and View DesignUITests.xctest */;
			productType = "com.apple.product-type.bundle.ui-testing";
		};
/* End PBXNativeTarget section */

/* Begin PBXProject section */
		D53831BB2C92295C009FAE54 /* Project object */ = {
			isa = PBXProject;
			attributes = {
				BuildIndependentTargetsInParallel = 1;
				LastSwiftUpdateCheck = 1540;
				LastUpgradeCheck = 1540;
				TargetAttributes = {
					D53831C22C92295C009FAE54 = {
						CreatedOnToolsVersion = 15.4;
					};
					D53831D22C92295D009FAE54 = {
						CreatedOnToolsVersion = 15.4;
						TestTargetID = D53831C22C92295C009FAE54;
					};
					D53831DC2C92295D009FAE54 = {
						CreatedOnToolsVersion = 15.4;
						TestTargetID = D53831C22C92295C009FAE54;
					};
				};
			};
			buildConfigurationList = D53831BE2C92295C009FAE54 /* Build configuration list for PBXProject "Initial Xcode Setup and View Design" */;
			compatibilityVersion = "Xcode 14.0";
			developmentRegion = en;
			hasScannedForEncodings = 0;
			knownRegions = (
				en,
				Base,
			);
			mainGroup = D53831BA2C92295C009FAE54;
			productRefGroup = D53831C42C92295C009FAE54 /* Products */;
			projectDirPath = "";
			projectRoot = "";
			targets = (
				D53831C22C92295C009FAE54 /* Initial Xcode Setup and View Design */,
				D53831D22C92295D009FAE54 /* Initial Xcode Setup and View DesignTests */,
				D53831DC2C92295D009FAE54 /* Initial Xcode Setup and View DesignUITests */,
			);
		};
/* End PBXProject section */

/* Begin PBXResourcesBuildPhase section */
		D53831C12C92295C009FAE54 /* Resources */ = {
			isa = PBXResourcesBuildPhase;
			buildActionMask = 2147483647;
			files = (
				D53831CE2C92295D009FAE54 /* Preview Assets.xcassets in Resources */,
				D53831CB2C92295D009FAE54 /* Assets.xcassets in Resources */,
			);
			runOnlyForDeploymentPostprocessing = 0;
		};
		D53831D12C92295D009FAE54 /* Resources */ = {
			isa = PBXResourcesBuildPhase;
			buildActionMask = 2147483647;
			files = (
			);
			runOnlyForDeploymentPostprocessing = 0;
		};
		D53831DB2C92295D009FAE54 /* Resources */ = {
			isa = PBXResourcesBuildPhase;
			buildActionMask = 2147483647;
			files = (
			);
			runOnlyForDeploymentPostprocessing = 0;
		};
/* End PBXResourcesBuildPhase section */

/* Begin PBXSourcesBuildPhase section */
		D53831BF2C92295C009FAE54 /* Sources */ = {
			isa = PBXSourcesBuildPhase;
			buildActionMask = 2147483647;
			files = (
				D53831C92C92295C009FAE54 /* ContentView.swift in Sources */,
				D5EF02482C94BE520082DFD9 /* Cookies.swift in Sources */,
				D53831F62C924AAC009FAE54 /* MenuView.swift in Sources */,
			);
			runOnlyForDeploymentPostprocessing = 0;
		};
		D53831CF2C92295D009FAE54 /* Sources */ = {
			isa = PBXSourcesBuildPhase;
			buildActionMask = 2147483647;
			files = (
				D53831D82C92295D009FAE54 /* Initial_Xcode_Setup_and_View_DesignTests.swift in Sources */,
			);
			runOnlyForDeploymentPostprocessing = 0;
		};
		D53831D92C92295D009FAE54 /* Sources */ = {
			isa = PBXSourcesBuildPhase;
			buildActionMask = 2147483647;
			files = (
				D53831E42C92295D009FAE54 /* Initial_Xcode_Setup_and_View_DesignUITestsLaunchTests.swift in Sources */,
				D53831E22C92295D009FAE54 /* Initial_Xcode_Setup_and_View_DesignUITests.swift in Sources */,
			);
			runOnlyForDeploymentPostprocessing = 0;
		};
/* End PBXSourcesBuildPhase section */

/* Begin PBXTargetDependency section */
		D53831D52C92295D009FAE54 /* PBXTargetDependency */ = {
			isa = PBXTargetDependency;
			target = D53831C22C92295C009FAE54 /* Initial Xcode Setup and View Design */;
			targetProxy = D53831D42C92295D009FAE54 /* PBXContainerItemProxy */;
		};
		D53831DF2C92295D009FAE54 /* PBXTargetDependency */ = {
			isa = PBXTargetDependency;
			target = D53831C22C92295C009FAE54 /* Initial Xcode Setup and View Design */;
			targetProxy = D53831DE2C92295D009FAE54 /* PBXContainerItemProxy */;
		};
/* End PBXTargetDependency section */

/* Begin XCBuildConfiguration section */
		D53831E52C92295D009FAE54 /* Debug */ = {
			isa = XCBuildConfiguration;
			buildSettings = {
				ALWAYS_SEARCH_USER_PATHS = NO;
				ASSETCATALOG_COMPILER_GENERATE_SWIFT_ASSET_SYMBOL_EXTENSIONS = YES;
				CLANG_ANALYZER_NONNULL = YES;
				CLANG_ANALYZER_NUMBER_OBJECT_CONVERSION = YES_AGGRESSIVE;
				CLANG_CXX_LANGUAGE_STANDARD = "gnu++20";
				CLANG_ENABLE_MODULES = YES;
				CLANG_ENABLE_OBJC_ARC = YES;
				CLANG_ENABLE_OBJC_WEAK = YES;
				CLANG_WARN_BLOCK_CAPTURE_AUTORELEASING = YES;
				CLANG_WARN_BOOL_CONVERSION = YES;
				CLANG_WARN_COMMA = YES;
				CLANG_WARN_CONSTANT_CONVERSION = YES;
				CLANG_WARN_DEPRECATED_OBJC_IMPLEMENTATIONS = YES;
				CLANG_WARN_DIRECT_OBJC_ISA_USAGE = YES_ERROR;
				CLANG_WARN_DOCUMENTATION_COMMENTS = YES;
				CLANG_WARN_EMPTY_BODY = YES;
				CLANG_WARN_ENUM_CONVERSION = YES;
				CLANG_WARN_INFINITE_RECURSION = YES;
				CLANG_WARN_INT_CONVERSION = YES;
				CLANG_WARN_NON_LITERAL_NULL_CONVERSION = YES;
				CLANG_WARN_OBJC_IMPLICIT_RETAIN_SELF = YES;
				CLANG_WARN_OBJC_LITERAL_CONVERSION = YES;
				CLANG_WARN_OBJC_ROOT_CLASS = YES_ERROR;
				CLANG_WARN_QUOTED_INCLUDE_IN_FRAMEWORK_HEADER = YES;
				CLANG_WARN_RANGE_LOOP_ANALYSIS = YES;
				CLANG_WARN_STRICT_PROTOTYPES = YES;
				CLANG_WARN_SUSPICIOUS_MOVE = YES;
				CLANG_WARN_UNGUARDED_AVAILABILITY = YES_AGGRESSIVE;
				CLANG_WARN_UNREACHABLE_CODE = YES;
				CLANG_WARN__DUPLICATE_METHOD_MATCH = YES;
				COPY_PHASE_STRIP = NO;
				DEBUG_INFORMATION_FORMAT = dwarf;
				ENABLE_STRICT_OBJC_MSGSEND = YES;
				ENABLE_TESTABILITY = YES;
				ENABLE_USER_SCRIPT_SANDBOXING = YES;
				GCC_C_LANGUAGE_STANDARD = gnu17;
				GCC_DYNAMIC_NO_PIC = NO;
				GCC_NO_COMMON_BLOCKS = YES;
				GCC_OPTIMIZATION_LEVEL = 0;
				GCC_PREPROCESSOR_DEFINITIONS = (
					"DEBUG=1",
					"$(inherited)",
				);
				GCC_WARN_64_TO_32_BIT_CONVERSION = YES;
				GCC_WARN_ABOUT_RETURN_TYPE = YES_ERROR;
				GCC_WARN_UNDECLARED_SELECTOR = YES;
				GCC_WARN_UNINITIALIZED_AUTOS = YES_AGGRESSIVE;
				GCC_WARN_UNUSED_FUNCTION = YES;
				GCC_WARN_UNUSED_VARIABLE = YES;
				IPHONEOS_DEPLOYMENT_TARGET = 17.5;
				LOCALIZATION_PREFERS_STRING_CATALOGS = YES;
				MTL_ENABLE_DEBUG_INFO = INCLUDE_SOURCE;
				MTL_FAST_MATH = YES;
				ONLY_ACTIVE_ARCH = YES;
				SDKROOT = iphoneos;
				SWIFT_ACTIVE_COMPILATION_CONDITIONS = "DEBUG $(inherited)";
				SWIFT_OPTIMIZATION_LEVEL = "-Onone";
			};
			name = Debug;
		};
		D53831E62C92295D009FAE54 /* Release */ = {
			isa = XCBuildConfiguration;
			buildSettings = {
				ALWAYS_SEARCH_USER_PATHS = NO;
				ASSETCATALOG_COMPILER_GENERATE_SWIFT_ASSET_SYMBOL_EXTENSIONS = YES;
				CLANG_ANALYZER_NONNULL = YES;
				CLANG_ANALYZER_NUMBER_OBJECT_CONVERSION = YES_AGGRESSIVE;
				CLANG_CXX_LANGUAGE_STANDARD = "gnu++20";
				CLANG_ENABLE_MODULES = YES;
				CLANG_ENABLE_OBJC_ARC = YES;
				CLANG_ENABLE_OBJC_WEAK = YES;
				CLANG_WARN_BLOCK_CAPTURE_AUTORELEASING = YES;
				CLANG_WARN_BOOL_CONVERSION = YES;
				CLANG_WARN_COMMA = YES;
				CLANG_WARN_CONSTANT_CONVERSION = YES;
				CLANG_WARN_DEPRECATED_OBJC_IMPLEMENTATIONS = YES;
				CLANG_WARN_DIRECT_OBJC_ISA_USAGE = YES_ERROR;
				CLANG_WARN_DOCUMENTATION_COMMENTS = YES;
				CLANG_WARN_EMPTY_BODY = YES;
				CLANG_WARN_ENUM_CONVERSION = YES;
				CLANG_WARN_INFINITE_RECURSION = YES;
				CLANG_WARN_INT_CONVERSION = YES;
				CLANG_WARN_NON_LITERAL_NULL_CONVERSION = YES;
				CLANG_WARN_OBJC_IMPLICIT_RETAIN_SELF = YES;
				CLANG_WARN_OBJC_LITERAL_CONVERSION = YES;
				CLANG_WARN_OBJC_ROOT_CLASS = YES_ERROR;
				CLANG_WARN_QUOTED_INCLUDE_IN_FRAMEWORK_HEADER = YES;
				CLANG_WARN_RANGE_LOOP_ANALYSIS = YES;
				CLANG_WARN_STRICT_PROTOTYPES = YES;
				CLANG_WARN_SUSPICIOUS_MOVE = YES;
				CLANG_WARN_UNGUARDED_AVAILABILITY = YES_AGGRESSIVE;
				CLANG_WARN_UNREACHABLE_CODE = YES;
				CLANG_WARN__DUPLICATE_METHOD_MATCH = YES;
				COPY_PHASE_STRIP = NO;
				DEBUG_INFORMATION_FORMAT = "dwarf-with-dsym";
				ENABLE_NS_ASSERTIONS = NO;
				ENABLE_STRICT_OBJC_MSGSEND = YES;
				ENABLE_USER_SCRIPT_SANDBOXING = YES;
				GCC_C_LANGUAGE_STANDARD = gnu17;
				GCC_NO_COMMON_BLOCKS = YES;
				GCC_WARN_64_TO_32_BIT_CONVERSION = YES;
				GCC_WARN_ABOUT_RETURN_TYPE = YES_ERROR;
				GCC_WARN_UNDECLARED_SELECTOR = YES;
				GCC_WARN_UNINITIALIZED_AUTOS = YES_AGGRESSIVE;
				GCC_WARN_UNUSED_FUNCTION = YES;
				GCC_WARN_UNUSED_VARIABLE = YES;
				IPHONEOS_DEPLOYMENT_TARGET = 17.5;
				LOCALIZATION_PREFERS_STRING_CATALOGS = YES;
				MTL_ENABLE_DEBUG_INFO = NO;
				MTL_FAST_MATH = YES;
				SDKROOT = iphoneos;
				SWIFT_COMPILATION_MODE = wholemodule;
				VALIDATE_PRODUCT = YES;
			};
			name = Release;
		};
		D53831E82C92295D009FAE54 /* Debug */ = {
			isa = XCBuildConfiguration;
			buildSettings = {
				ASSETCATALOG_COMPILER_APPICON_NAME = AppIcon;
				ASSETCATALOG_COMPILER_GLOBAL_ACCENT_COLOR_NAME = AccentColor;
				CODE_SIGN_STYLE = Automatic;
				CURRENT_PROJECT_VERSION = 1;
				DEVELOPMENT_ASSET_PATHS = "\"Initial Xcode Setup and View Design/Preview Content\"";
				DEVELOPMENT_TEAM = Y33VGX38GF;
				ENABLE_PREVIEWS = YES;
				GENERATE_INFOPLIST_FILE = YES;
				INFOPLIST_KEY_UIApplicationSceneManifest_Generation = YES;
				INFOPLIST_KEY_UIApplicationSupportsIndirectInputEvents = YES;
				INFOPLIST_KEY_UILaunchScreen_Generation = YES;
				INFOPLIST_KEY_UISupportedInterfaceOrientations_iPad = "UIInterfaceOrientationPortrait UIInterfaceOrientationPortraitUpsideDown UIInterfaceOrientationLandscapeLeft UIInterfaceOrientationLandscapeRight";
				INFOPLIST_KEY_UISupportedInterfaceOrientations_iPhone = "UIInterfaceOrientationPortrait UIInterfaceOrientationLandscapeLeft UIInterfaceOrientationLandscapeRight";
				LD_RUNPATH_SEARCH_PATHS = (
					"$(inherited)",
					"@executable_path/Frameworks",
				);
				MARKETING_VERSION = 1.0;
				PRODUCT_BUNDLE_IDENTIFIER = "edu.cedarville.itm3300.Initial-Xcode-Setup-and-View-Design";
				PRODUCT_NAME = "$(TARGET_NAME)";
				SWIFT_EMIT_LOC_STRINGS = YES;
				SWIFT_VERSION = 5.0;
				TARGETED_DEVICE_FAMILY = "1,2";
			};
			name = Debug;
		};
		D53831E92C92295D009FAE54 /* Release */ = {
			isa = XCBuildConfiguration;
			buildSettings = {
				ASSETCATALOG_COMPILER_APPICON_NAME = AppIcon;
				ASSETCATALOG_COMPILER_GLOBAL_ACCENT_COLOR_NAME = AccentColor;
				CODE_SIGN_STYLE = Automatic;
				CURRENT_PROJECT_VERSION = 1;
				DEVELOPMENT_ASSET_PATHS = "\"Initial Xcode Setup and View Design/Preview Content\"";
				DEVELOPMENT_TEAM = Y33VGX38GF;
				ENABLE_PREVIEWS = YES;
				GENERATE_INFOPLIST_FILE = YES;
				INFOPLIST_KEY_UIApplicationSceneManifest_Generation = YES;
				INFOPLIST_KEY_UIApplicationSupportsIndirectInputEvents = YES;
				INFOPLIST_KEY_UILaunchScreen_Generation = YES;
				INFOPLIST_KEY_UISupportedInterfaceOrientations_iPad = "UIInterfaceOrientationPortrait UIInterfaceOrientationPortraitUpsideDown UIInterfaceOrientationLandscapeLeft UIInterfaceOrientationLandscapeRight";
				INFOPLIST_KEY_UISupportedInterfaceOrientations_iPhone = "UIInterfaceOrientationPortrait UIInterfaceOrientationLandscapeLeft UIInterfaceOrientationLandscapeRight";
				LD_RUNPATH_SEARCH_PATHS = (
					"$(inherited)",
					"@executable_path/Frameworks",
				);
				MARKETING_VERSION = 1.0;
				PRODUCT_BUNDLE_IDENTIFIER = "edu.cedarville.itm3300.Initial-Xcode-Setup-and-View-Design";
				PRODUCT_NAME = "$(TARGET_NAME)";
				SWIFT_EMIT_LOC_STRINGS = YES;
				SWIFT_VERSION = 5.0;
				TARGETED_DEVICE_FAMILY = "1,2";
			};
			name = Release;
		};
		D53831EB2C92295D009FAE54 /* Debug */ = {
			isa = XCBuildConfiguration;
			buildSettings = {
				ALWAYS_EMBED_SWIFT_STANDARD_LIBRARIES = YES;
				BUNDLE_LOADER = "$(TEST_HOST)";
				CODE_SIGN_STYLE = Automatic;
				CURRENT_PROJECT_VERSION = 1;
				DEVELOPMENT_TEAM = Y33VGX38GF;
				GENERATE_INFOPLIST_FILE = YES;
				IPHONEOS_DEPLOYMENT_TARGET = 17.5;
				MARKETING_VERSION = 1.0;
				PRODUCT_BUNDLE_IDENTIFIER = "edu.cedarville.itm3300.Initial-Xcode-Setup-and-View-DesignTests";
				PRODUCT_NAME = "$(TARGET_NAME)";
				SWIFT_EMIT_LOC_STRINGS = NO;
				SWIFT_VERSION = 5.0;
				TARGETED_DEVICE_FAMILY = "1,2";
				TEST_HOST = "$(BUILT_PRODUCTS_DIR)/Initial Xcode Setup and View Design.app/$(BUNDLE_EXECUTABLE_FOLDER_PATH)/Initial Xcode Setup and View Design";
			};
			name = Debug;
		};
		D53831EC2C92295D009FAE54 /* Release */ = {
			isa = XCBuildConfiguration;
			buildSettings = {
				ALWAYS_EMBED_SWIFT_STANDARD_LIBRARIES = YES;
				BUNDLE_LOADER = "$(TEST_HOST)";
				CODE_SIGN_STYLE = Automatic;
				CURRENT_PROJECT_VERSION = 1;
				DEVELOPMENT_TEAM = Y33VGX38GF;
				GENERATE_INFOPLIST_FILE = YES;
				IPHONEOS_DEPLOYMENT_TARGET = 17.5;
				MARKETING_VERSION = 1.0;
				PRODUCT_BUNDLE_IDENTIFIER = "edu.cedarville.itm3300.Initial-Xcode-Setup-and-View-DesignTests";
				PRODUCT_NAME = "$(TARGET_NAME)";
				SWIFT_EMIT_LOC_STRINGS = NO;
				SWIFT_VERSION = 5.0;
				TARGETED_DEVICE_FAMILY = "1,2";
				TEST_HOST = "$(BUILT_PRODUCTS_DIR)/Initial Xcode Setup and View Design.app/$(BUNDLE_EXECUTABLE_FOLDER_PATH)/Initial Xcode Setup and View Design";
			};
			name = Release;
		};
		D53831EE2C92295D009FAE54 /* Debug */ = {
			isa = XCBuildConfiguration;
			buildSettings = {
				ALWAYS_EMBED_SWIFT_STANDARD_LIBRARIES = YES;
				CODE_SIGN_STYLE = Automatic;
				CURRENT_PROJECT_VERSION = 1;
				DEVELOPMENT_TEAM = Y33VGX38GF;
				GENERATE_INFOPLIST_FILE = YES;
				MARKETING_VERSION = 1.0;
				PRODUCT_BUNDLE_IDENTIFIER = "edu.cedarville.itm3300.Initial-Xcode-Setup-and-View-DesignUITests";
				PRODUCT_NAME = "$(TARGET_NAME)";
				SWIFT_EMIT_LOC_STRINGS = NO;
				SWIFT_VERSION = 5.0;
				TARGETED_DEVICE_FAMILY = "1,2";
				TEST_TARGET_NAME = "Initial Xcode Setup and View Design";
			};
			name = Debug;
		};
		D53831EF2C92295D009FAE54 /* Release */ = {
			isa = XCBuildConfiguration;
			buildSettings = {
				ALWAYS_EMBED_SWIFT_STANDARD_LIBRARIES = YES;
				CODE_SIGN_STYLE = Automatic;
				CURRENT_PROJECT_VERSION = 1;
				DEVELOPMENT_TEAM = Y33VGX38GF;
				GENERATE_INFOPLIST_FILE = YES;
				MARKETING_VERSION = 1.0;
				PRODUCT_BUNDLE_IDENTIFIER = "edu.cedarville.itm3300.Initial-Xcode-Setup-and-View-DesignUITests";
				PRODUCT_NAME = "$(TARGET_NAME)";
				SWIFT_EMIT_LOC_STRINGS = NO;
				SWIFT_VERSION = 5.0;
				TARGETED_DEVICE_FAMILY = "1,2";
				TEST_TARGET_NAME = "Initial Xcode Setup and View Design";
			};
			name = Release;
		};
/* End XCBuildConfiguration section */

/* Begin XCConfigurationList section */
		D53831BE2C92295C009FAE54 /* Build configuration list for PBXProject "Initial Xcode Setup and View Design" */ = {
			isa = XCConfigurationList;
			buildConfigurations = (
				D53831E52C92295D009FAE54 /* Debug */,
				D53831E62C92295D009FAE54 /* Release */,
			);
			defaultConfigurationIsVisible = 0;
			defaultConfigurationName = Release;
		};
		D53831E72C92295D009FAE54 /* Build configuration list for PBXNativeTarget "Initial Xcode Setup and View Design" */ = {
			isa = XCConfigurationList;
			buildConfigurations = (
				D53831E82C92295D009FAE54 /* Debug */,
				D53831E92C92295D009FAE54 /* Release */,
			);
			defaultConfigurationIsVisible = 0;
			defaultConfigurationName = Release;
		};
		D53831EA2C92295D009FAE54 /* Build configuration list for PBXNativeTarget "Initial Xcode Setup and View DesignTests" */ = {
			isa = XCConfigurationList;
			buildConfigurations = (
				D53831EB2C92295D009FAE54 /* Debug */,
				D53831EC2C92295D009FAE54 /* Release */,
			);
			defaultConfigurationIsVisible = 0;
			defaultConfigurationName = Release;
		};
		D53831ED2C92295D009FAE54 /* Build configuration list for PBXNativeTarget "Initial Xcode Setup and View DesignUITests" */ = {
			isa = XCConfigurationList;
			buildConfigurations = (
				D53831EE2C92295D009FAE54 /* Debug */,
				D53831EF2C92295D009FAE54 /* Release */,
			);
			defaultConfigurationIsVisible = 0;
			defaultConfigurationName = Release;
		};
/* End XCConfigurationList section */
	};
	rootObject = D53831BB2C92295C009FAE54 /* Project object */;
}
